
Microsoft Visual Studio Solution File, Format Version 12.00
# Visual Studio 15
VisualStudioVersion = 15.0.28010.2019
MinimumVisualStudioVersion = 10.0.40219.1
Project("{FAE04EC0-301F-11D3-BF4B-00C04F79EFBC}") = "Data Types-FloatPointType", "Data Types-FloatPointType\Data Types-FloatPointType.csproj", "{DDE8731F-D603-445E-A4AA-B0D31B8426AD}"
EndProject
Global
	GlobalSection(SolutionConfigurationPlatforms) = preSolution
		Debug|Any CPU = Debug|Any CPU
		Release|Any CPU = Release|Any CPU
	EndGlobalSection
	GlobalSection(ProjectConfigurationPlatforms) = postSolution
		{DDE8731F-D603-445E-A4AA-B0D31B8426AD}.Debug|Any CPU.ActiveCfg = Debug|Any CPU
		{DDE8731F-D603-445E-A4AA-B0D31B8426AD}.Debug|Any CPU.Build.0 = Debug|Any CPU
		{DDE8731F-D603-445E-A4AA-B0D31B8426AD}.Release|Any CPU.ActiveCfg = Release|Any CPU
		{DDE8731F-D603-445E-A4AA-B0D31B8426AD}.Release|Any CPU.Build.0 = Release|Any CPU
	EndGlobalSection
	GlobalSection(SolutionProperties) = preSolution
		HideSolutionNode = FALSE
	EndGlobalSection
	GlobalSection(ExtensibilityGlobals) = postSolution
		SolutionGuid = {73819457-AC23-4AD7-9BDB-2018E5A97116}
	EndGlobalSection
EndGlobal
